{
  "version": 4,
  "terraform_version": "1.13.1",
  "serial": 265,
  "lineage": "8da71c4b-9309-130d-10fa-ecf09e3cb7a9",
  "outputs": {
    "floating_ips": {
      "value": {},
      "type": [
        "map",
        "dynamic"
      ]
    },
    "private_ips": {
      "value": {
        "tf-instance-341-1": "192.168.0.31",
        "tf-instance-341-2": "192.168.0.73"
      },
      "type": [
        "object",
        {
          "tf-instance-341-1": "string",
          "tf-instance-341-2": "string"
        }
      ]
    }
  },
  "resources": [
    {
      "module": "module.compute",
      "mode": "managed",
      "type": "openstack_blockstorage_volume_v3",
      "name": "root_volumes",
      "provider": "provider[\"registry.terraform.io/terraform-provider-openstack/openstack\"]",
      "instances": [
        {
          "index_key": 0,
          "schema_version": 0,
          "attributes": {
            "attachment": [],
            "availability_zone": "nova",
            "backup_id": "",
            "consistency_group_id": null,
            "description": "",
            "enable_online_resize": null,
            "id": "81b80491-69f6-40ba-a617-6ff23853949d",
            "image_id": "f62b0217-abd0-4cf2-b524-475d298eb88a",
            "metadata": {},
            "name": "tf-instance-341-root-1",
            "region": "ap-south-mum-1",
            "scheduler_hints": [],
            "size": 20,
            "snapshot_id": "",
            "source_replica": null,
            "source_vol_id": "",
            "timeouts": null,
            "volume_retype_policy": "never",
            "volume_type": "NVMe based High IOPS Storage"
          },
          "sensitive_attributes": [],
          "identity_schema_version": 0,
          "private": "eyJlMmJmYjczMC1lY2FhLTExZTYtOGY4OC0zNDM2M2JjN2M0YzAiOnsiY3JlYXRlIjo2MDAwMDAwMDAwMDAsImRlbGV0ZSI6NjAwMDAwMDAwMDAwfX0="
        },
        {
          "index_key": 1,
          "schema_version": 0,
          "attributes": {
            "attachment": [],
            "availability_zone": "nova",
            "backup_id": "",
            "consistency_group_id": null,
            "description": "",
            "enable_online_resize": null,
            "id": "7322834d-af63-4900-8964-7244ac02cc3d",
            "image_id": "f62b0217-abd0-4cf2-b524-475d298eb88a",
            "metadata": {},
            "name": "tf-instance-341-root-2",
            "region": "ap-south-mum-1",
            "scheduler_hints": [],
            "size": 20,
            "snapshot_id": "",
            "source_replica": null,
            "source_vol_id": "",
            "timeouts": null,
            "volume_retype_policy": "never",
            "volume_type": "NVMe based High IOPS Storage"
          },
          "sensitive_attributes": [],
          "identity_schema_version": 0,
          "private": "eyJlMmJmYjczMC1lY2FhLTExZTYtOGY4OC0zNDM2M2JjN2M0YzAiOnsiY3JlYXRlIjo2MDAwMDAwMDAwMDAsImRlbGV0ZSI6NjAwMDAwMDAwMDAwfX0="
        }
      ]
    },
    {
      "module": "module.compute",
      "mode": "managed",
      "type": "openstack_compute_instance_v2",
      "name": "instances",
      "provider": "provider[\"registry.terraform.io/terraform-provider-openstack/openstack\"]",
      "instances": [
        {
          "index_key": 0,
          "schema_version": 0,
          "attributes": {
            "access_ip_v4": "192.168.0.31",
            "access_ip_v6": "",
            "admin_pass": null,
            "all_metadata": {},
            "all_tags": [],
            "availability_zone": "nova",
            "availability_zone_hints": null,
            "block_device": [
              {
                "boot_index": 0,
                "delete_on_termination": true,
                "destination_type": "volume",
                "device_type": "",
                "disk_bus": "",
                "guest_format": "",
                "multiattach": false,
                "source_type": "volume",
                "uuid": "81b80491-69f6-40ba-a617-6ff23853949d",
                "volume_size": 0,
                "volume_type": ""
              }
            ],
            "config_drive": null,
            "created": "2025-09-04 05:24:54 +0000 UTC",
            "flavor_id": "690694f9-78c9-4fd1-941c-34fc88ae401a",
            "flavor_name": "S.4",
            "force_delete": false,
            "hypervisor_hostname": "",
            "id": "261b4f60-3ea1-42bf-90d0-c1f05a16be15",
            "image_id": "Attempt to boot from volume - no image supplied",
            "image_name": null,
            "key_pair": "shreeyansh",
            "metadata": null,
            "name": "tf-instance-341-1",
            "network": [
              {
                "access_network": false,
                "fixed_ip_v4": "192.168.0.31",
                "fixed_ip_v6": "",
                "mac": "fa:16:3e:4b:5f:1e",
                "name": "tf-net-341",
                "port": "ff5d7fb0-8c40-410e-9473-c37ea5e50a21",
                "uuid": "f9531a91-43f4-44b5-99d1-d42365a869c2"
              }
            ],
            "network_mode": null,
            "personality": [],
            "power_state": "active",
            "region": "ap-south-mum-1",
            "scheduler_hints": [],
            "security_groups": [
              "tf-sec-grp-341"
            ],
            "stop_before_destroy": false,
            "tags": null,
            "timeouts": null,
            "updated": "2025-09-04 05:25:04 +0000 UTC",
            "user_data": null,
            "vendor_options": []
          },
          "sensitive_attributes": [
            [
              {
                "type": "get_attr",
                "value": "admin_pass"
              }
            ]
          ],
          "identity_schema_version": 0,
          "private": "eyJlMmJmYjczMC1lY2FhLTExZTYtOGY4OC0zNDM2M2JjN2M0YzAiOnsiY3JlYXRlIjoxODAwMDAwMDAwMDAwLCJkZWxldGUiOjE4MDAwMDAwMDAwMDAsInVwZGF0ZSI6MTgwMDAwMDAwMDAwMH19",
          "dependencies": [
            "module.compute.openstack_blockstorage_volume_v3.root_volumes",
            "module.compute.openstack_networking_port_v2.ports",
            "module.network.openstack_networking_network_v2.this",
            "module.network.openstack_networking_subnet_v2.this",
            "module.security.openstack_networking_secgroup_v2.this"
          ]
        },
        {
          "index_key": 1,
          "schema_version": 0,
          "attributes": {
            "access_ip_v4": "192.168.0.73",
            "access_ip_v6": "",
            "admin_pass": null,
            "all_metadata": {},
            "all_tags": [],
            "availability_zone": "nova",
            "availability_zone_hints": null,
            "block_device": [
              {
                "boot_index": 0,
                "delete_on_termination": true,
                "destination_type": "volume",
                "device_type": "",
                "disk_bus": "",
                "guest_format": "",
                "multiattach": false,
                "source_type": "volume",
                "uuid": "7322834d-af63-4900-8964-7244ac02cc3d",
                "volume_size": 0,
                "volume_type": ""
              }
            ],
            "config_drive": null,
            "created": "2025-09-04 05:24:53 +0000 UTC",
            "flavor_id": "690694f9-78c9-4fd1-941c-34fc88ae401a",
            "flavor_name": "S.4",
            "force_delete": false,
            "hypervisor_hostname": "",
            "id": "b52610cf-cca7-4069-9d68-f545df534335",
            "image_id": "Attempt to boot from volume - no image supplied",
            "image_name": null,
            "key_pair": "shreeyansh",
            "metadata": null,
            "name": "tf-instance-341-2",
            "network": [
              {
                "access_network": false,
                "fixed_ip_v4": "192.168.0.73",
                "fixed_ip_v6": "",
                "mac": "fa:16:3e:5e:ff:4d",
                "name": "tf-net-341",
                "port": "2a8e9cd5-d9a9-4a72-8b16-cb598a15990b",
                "uuid": "f9531a91-43f4-44b5-99d1-d42365a869c2"
              }
            ],
            "network_mode": null,
            "personality": [],
            "power_state": "active",
            "region": "ap-south-mum-1",
            "scheduler_hints": [],
            "security_groups": [
              "tf-sec-grp-341"
            ],
            "stop_before_destroy": false,
            "tags": null,
            "timeouts": null,
            "updated": "2025-09-04 05:25:06 +0000 UTC",
            "user_data": null,
            "vendor_options": []
          },
          "sensitive_attributes": [
            [
              {
                "type": "get_attr",
                "value": "admin_pass"
              }
            ]
          ],
          "identity_schema_version": 0,
          "private": "eyJlMmJmYjczMC1lY2FhLTExZTYtOGY4OC0zNDM2M2JjN2M0YzAiOnsiY3JlYXRlIjoxODAwMDAwMDAwMDAwLCJkZWxldGUiOjE4MDAwMDAwMDAwMDAsInVwZGF0ZSI6MTgwMDAwMDAwMDAwMH19",
          "dependencies": [
            "module.compute.openstack_blockstorage_volume_v3.root_volumes",
            "module.compute.openstack_networking_port_v2.ports",
            "module.network.openstack_networking_network_v2.this",
            "module.network.openstack_networking_subnet_v2.this",
            "module.security.openstack_networking_secgroup_v2.this"
          ]
        }
      ]
    },
    {
      "module": "module.compute",
      "mode": "managed",
      "type": "openstack_networking_floatingip_associate_v2",
      "name": "fip_assoc",
      "provider": "provider[\"registry.terraform.io/terraform-provider-openstack/openstack\"]",
      "instances": []
    },
    {
      "module": "module.compute",
      "mode": "managed",
      "type": "openstack_networking_floatingip_v2",
      "name": "fips",
      "provider": "provider[\"registry.terraform.io/terraform-provider-openstack/openstack\"]",
      "instances": []
    },
    {
      "module": "module.compute",
      "mode": "managed",
      "type": "openstack_networking_port_v2",
      "name": "ports",
      "provider": "provider[\"registry.terraform.io/terraform-provider-openstack/openstack\"]",
      "instances": [
        {
          "index_key": 0,
          "schema_version": 0,
          "attributes": {
            "admin_state_up": true,
            "all_fixed_ips": [
              "192.168.0.31"
            ],
            "all_security_group_ids": [
              "7b6cb315-8c99-4dd4-8933-de9f8d4a4ed9"
            ],
            "all_tags": [],
            "allowed_address_pairs": [],
            "binding": [
              {
                "host_id": "",
                "profile": "",
                "vif_details": {},
                "vif_type": "",
                "vnic_type": "normal"
              }
            ],
            "description": "",
            "device_id": "",
            "device_owner": "",
            "dns_assignment": [],
            "dns_name": "",
            "extra_dhcp_option": [],
            "fixed_ip": [
              {
                "ip_address": "",
                "subnet_id": "ec0f27d7-dbad-447b-a474-622eb8530484"
              }
            ],
            "id": "ff5d7fb0-8c40-410e-9473-c37ea5e50a21",
            "mac_address": "fa:16:3e:4b:5f:1e",
            "name": "tf-instance-341-port-1",
            "network_id": "f9531a91-43f4-44b5-99d1-d42365a869c2",
            "no_fixed_ip": null,
            "no_security_groups": null,
            "port_security_enabled": true,
            "qos_policy_id": "",
            "region": "ap-south-mum-1",
            "security_group_ids": [
              "7b6cb315-8c99-4dd4-8933-de9f8d4a4ed9"
            ],
            "tags": null,
            "tenant_id": "113f7cd268864dfeb4998f65e555a40a",
            "timeouts": null,
            "value_specs": null
          },
          "sensitive_attributes": [],
          "identity_schema_version": 0,
          "private": "eyJlMmJmYjczMC1lY2FhLTExZTYtOGY4OC0zNDM2M2JjN2M0YzAiOnsiY3JlYXRlIjo2MDAwMDAwMDAwMDAsImRlbGV0ZSI6NjAwMDAwMDAwMDAwfX0=",
          "dependencies": [
            "module.network.openstack_networking_network_v2.this",
            "module.network.openstack_networking_subnet_v2.this",
            "module.security.openstack_networking_secgroup_v2.this"
          ]
        },
        {
          "index_key": 1,
          "schema_version": 0,
          "attributes": {
            "admin_state_up": true,
            "all_fixed_ips": [
              "192.168.0.73"
            ],
            "all_security_group_ids": [
              "7b6cb315-8c99-4dd4-8933-de9f8d4a4ed9"
            ],
            "all_tags": [],
            "allowed_address_pairs": [],
            "binding": [
              {
                "host_id": "",
                "profile": "",
                "vif_details": {},
                "vif_type": "",
                "vnic_type": "normal"
              }
            ],
            "description": "",
            "device_id": "",
            "device_owner": "",
            "dns_assignment": [],
            "dns_name": "",
            "extra_dhcp_option": [],
            "fixed_ip": [
              {
                "ip_address": "",
                "subnet_id": "ec0f27d7-dbad-447b-a474-622eb8530484"
              }
            ],
            "id": "2a8e9cd5-d9a9-4a72-8b16-cb598a15990b",
            "mac_address": "fa:16:3e:5e:ff:4d",
            "name": "tf-instance-341-port-2",
            "network_id": "f9531a91-43f4-44b5-99d1-d42365a869c2",
            "no_fixed_ip": null,
            "no_security_groups": null,
            "port_security_enabled": true,
            "qos_policy_id": "",
            "region": "ap-south-mum-1",
            "security_group_ids": [
              "7b6cb315-8c99-4dd4-8933-de9f8d4a4ed9"
            ],
            "tags": null,
            "tenant_id": "113f7cd268864dfeb4998f65e555a40a",
            "timeouts": null,
            "value_specs": null
          },
          "sensitive_attributes": [],
          "identity_schema_version": 0,
          "private": "eyJlMmJmYjczMC1lY2FhLTExZTYtOGY4OC0zNDM2M2JjN2M0YzAiOnsiY3JlYXRlIjo2MDAwMDAwMDAwMDAsImRlbGV0ZSI6NjAwMDAwMDAwMDAwfX0=",
          "dependencies": [
            "module.network.openstack_networking_network_v2.this",
            "module.network.openstack_networking_subnet_v2.this",
            "module.security.openstack_networking_secgroup_v2.this"
          ]
        }
      ]
    },
    {
      "module": "module.loadbalancer",
      "mode": "managed",
      "type": "openstack_lb_loadbalancer_v2",
      "name": "this",
      "provider": "provider[\"registry.terraform.io/terraform-provider-openstack/openstack\"]",
      "instances": [
        {
          "status": "tainted",
          "schema_version": 0,
          "attributes": {
            "admin_state_up": true,
            "availability_zone": null,
            "description": null,
            "flavor_id": null,
            "id": "db4b6b22-121b-491e-89ad-e0935290cd4a",
            "loadbalancer_provider": null,
            "name": "tf-lb-341",
            "region": null,
            "security_group_ids": [],
            "tags": null,
            "tenant_id": null,
            "timeouts": null,
            "vip_address": null,
            "vip_network_id": null,
            "vip_port_id": null,
            "vip_qos_policy_id": null,
            "vip_subnet_id": "ec0f27d7-dbad-447b-a474-622eb8530484"
          },
          "sensitive_attributes": [],
          "identity_schema_version": 0,
          "private": "eyJlMmJmYjczMC1lY2FhLTExZTYtOGY4OC0zNDM2M2JjN2M0YzAiOnsiY3JlYXRlIjo2MDAwMDAwMDAwMDAsImRlbGV0ZSI6MzAwMDAwMDAwMDAwLCJ1cGRhdGUiOjYwMDAwMDAwMDAwMH19",
          "dependencies": [
            "module.network.openstack_networking_network_v2.this",
            "module.network.openstack_networking_subnet_v2.this"
          ]
        }
      ]
    },
    {
      "module": "module.network",
      "mode": "managed",
      "type": "openstack_networking_network_v2",
      "name": "this",
      "provider": "provider[\"registry.terraform.io/terraform-provider-openstack/openstack\"]",
      "instances": [
        {
          "schema_version": 0,
          "attributes": {
            "admin_state_up": true,
            "all_tags": [],
            "availability_zone_hints": [],
            "description": "",
            "dns_domain": "",
            "external": false,
            "id": "f9531a91-43f4-44b5-99d1-d42365a869c2",
            "mtu": 1450,
            "name": "tf-net-341",
            "port_security_enabled": true,
            "qos_policy_id": "",
            "region": "ap-south-mum-1",
            "segments": [],
            "shared": false,
            "tags": null,
            "tenant_id": "113f7cd268864dfeb4998f65e555a40a",
            "timeouts": null,
            "transparent_vlan": false,
            "value_specs": null
          },
          "sensitive_attributes": [],
          "identity_schema_version": 0,
          "private": "eyJlMmJmYjczMC1lY2FhLTExZTYtOGY4OC0zNDM2M2JjN2M0YzAiOnsiY3JlYXRlIjo2MDAwMDAwMDAwMDAsImRlbGV0ZSI6NjAwMDAwMDAwMDAwfX0="
        }
      ]
    },
    {
      "module": "module.network",
      "mode": "managed",
      "type": "openstack_networking_router_interface_v2",
      "name": "this",
      "provider": "provider[\"registry.terraform.io/terraform-provider-openstack/openstack\"]",
      "instances": [
        {
          "schema_version": 0,
          "attributes": {
            "force_destroy": false,
            "id": "f1a0f5f4-8be9-40d7-aad9-13b557c6386f",
            "port_id": "f1a0f5f4-8be9-40d7-aad9-13b557c6386f",
            "region": "ap-south-mum-1",
            "router_id": "6d699950-2498-45f2-86e6-9fd3ae222105",
            "subnet_id": "ec0f27d7-dbad-447b-a474-622eb8530484",
            "timeouts": null
          },
          "sensitive_attributes": [],
          "identity_schema_version": 0,
          "private": "eyJlMmJmYjczMC1lY2FhLTExZTYtOGY4OC0zNDM2M2JjN2M0YzAiOnsiY3JlYXRlIjo2MDAwMDAwMDAwMDAsImRlbGV0ZSI6NjAwMDAwMDAwMDAwfX0=",
          "dependencies": [
            "module.network.openstack_networking_network_v2.this",
            "module.network.openstack_networking_router_v2.this",
            "module.network.openstack_networking_subnet_v2.this"
          ]
        }
      ]
    },
    {
      "module": "module.network",
      "mode": "managed",
      "type": "openstack_networking_router_v2",
      "name": "this",
      "provider": "provider[\"registry.terraform.io/terraform-provider-openstack/openstack\"]",
      "instances": [
        {
          "schema_version": 0,
          "attributes": {
            "admin_state_up": true,
            "all_tags": [],
            "availability_zone_hints": [],
            "description": "",
            "distributed": false,
            "enable_snat": true,
            "external_fixed_ip": [
              {
                "ip_address": "103.119.170.203",
                "subnet_id": "e1f49a48-44f4-4204-a5ca-6c0a31d7e5dd"
              }
            ],
            "external_network_id": "c92f8cb2-cf4d-4614-be27-e9ad192fc3e8",
            "external_qos_policy_id": null,
            "external_subnet_ids": null,
            "id": "6d699950-2498-45f2-86e6-9fd3ae222105",
            "name": "tf-router-341",
            "region": "ap-south-mum-1",
            "tags": null,
            "tenant_id": "113f7cd268864dfeb4998f65e555a40a",
            "timeouts": null,
            "value_specs": null,
            "vendor_options": []
          },
          "sensitive_attributes": [],
          "identity_schema_version": 0,
          "private": "eyJlMmJmYjczMC1lY2FhLTExZTYtOGY4OC0zNDM2M2JjN2M0YzAiOnsiY3JlYXRlIjo2MDAwMDAwMDAwMDAsImRlbGV0ZSI6NjAwMDAwMDAwMDAwfX0="
        }
      ]
    },
    {
      "module": "module.network",
      "mode": "managed",
      "type": "openstack_networking_subnet_v2",
      "name": "this",
      "provider": "provider[\"registry.terraform.io/terraform-provider-openstack/openstack\"]",
      "instances": [
        {
          "schema_version": 0,
          "attributes": {
            "all_tags": [],
            "allocation_pool": [
              {
                "end": "192.168.255.254",
                "start": "192.168.0.2"
              }
            ],
            "cidr": "192.168.0.0/16",
            "description": "",
            "dns_nameservers": null,
            "dns_publish_fixed_ip": false,
            "enable_dhcp": true,
            "gateway_ip": "192.168.0.1",
            "id": "ec0f27d7-dbad-447b-a474-622eb8530484",
            "ip_version": 4,
            "ipv6_address_mode": "",
            "ipv6_ra_mode": "",
            "name": "tf-subnet-341",
            "network_id": "f9531a91-43f4-44b5-99d1-d42365a869c2",
            "no_gateway": false,
            "prefix_length": null,
            "region": "ap-south-mum-1",
            "segment_id": "",
            "service_types": [],
            "subnetpool_id": "",
            "tags": null,
            "tenant_id": "113f7cd268864dfeb4998f65e555a40a",
            "timeouts": null,
            "value_specs": null
          },
          "sensitive_attributes": [],
          "identity_schema_version": 0,
          "private": "eyJlMmJmYjczMC1lY2FhLTExZTYtOGY4OC0zNDM2M2JjN2M0YzAiOnsiY3JlYXRlIjo2MDAwMDAwMDAwMDAsImRlbGV0ZSI6NjAwMDAwMDAwMDAwfX0=",
          "dependencies": [
            "module.network.openstack_networking_network_v2.this"
          ]
        }
      ]
    },
    {
      "module": "module.security",
      "mode": "managed",
      "type": "openstack_networking_secgroup_rule_v2",
      "name": "this",
      "provider": "provider[\"registry.terraform.io/terraform-provider-openstack/openstack\"]",
      "instances": [
        {
          "index_key": "0",
          "schema_version": 0,
          "attributes": {
            "description": "",
            "direction": "ingress",
            "ethertype": "IPv4",
            "id": "2c0e8b6d-a129-4525-874b-1dc0e7cdd6e8",
            "port_range_max": 22,
            "port_range_min": 22,
            "protocol": "tcp",
            "region": "ap-south-mum-1",
            "remote_address_group_id": "",
            "remote_group_id": "",
            "remote_ip_prefix": "0.0.0.0/0",
            "security_group_id": "7b6cb315-8c99-4dd4-8933-de9f8d4a4ed9",
            "tenant_id": "113f7cd268864dfeb4998f65e555a40a",
            "timeouts": null
          },
          "sensitive_attributes": [],
          "identity_schema_version": 0,
          "private": "eyJlMmJmYjczMC1lY2FhLTExZTYtOGY4OC0zNDM2M2JjN2M0YzAiOnsiZGVsZXRlIjo2MDAwMDAwMDAwMDB9fQ==",
          "dependencies": [
            "module.security.openstack_networking_secgroup_v2.this"
          ]
        },
        {
          "index_key": "1",
          "schema_version": 0,
          "attributes": {
            "description": "",
            "direction": "ingress",
            "ethertype": "IPv4",
            "id": "805c1007-6ce3-4e69-8b42-18cc563c8e3b",
            "port_range_max": 80,
            "port_range_min": 80,
            "protocol": "tcp",
            "region": "ap-south-mum-1",
            "remote_address_group_id": "",
            "remote_group_id": "",
            "remote_ip_prefix": "0.0.0.0/0",
            "security_group_id": "7b6cb315-8c99-4dd4-8933-de9f8d4a4ed9",
            "tenant_id": "113f7cd268864dfeb4998f65e555a40a",
            "timeouts": null
          },
          "sensitive_attributes": [],
          "identity_schema_version": 0,
          "private": "eyJlMmJmYjczMC1lY2FhLTExZTYtOGY4OC0zNDM2M2JjN2M0YzAiOnsiZGVsZXRlIjo2MDAwMDAwMDAwMDB9fQ==",
          "dependencies": [
            "module.security.openstack_networking_secgroup_v2.this"
          ]
        },
        {
          "index_key": "2",
          "schema_version": 0,
          "attributes": {
            "description": "",
            "direction": "ingress",
            "ethertype": "IPv4",
            "id": "378ed105-ca23-4172-a2a2-d2403cb6f833",
            "port_range_max": 443,
            "port_range_min": 443,
            "protocol": "tcp",
            "region": "ap-south-mum-1",
            "remote_address_group_id": "",
            "remote_group_id": "",
            "remote_ip_prefix": "0.0.0.0/0",
            "security_group_id": "7b6cb315-8c99-4dd4-8933-de9f8d4a4ed9",
            "tenant_id": "113f7cd268864dfeb4998f65e555a40a",
            "timeouts": null
          },
          "sensitive_attributes": [],
          "identity_schema_version": 0,
          "private": "eyJlMmJmYjczMC1lY2FhLTExZTYtOGY4OC0zNDM2M2JjN2M0YzAiOnsiZGVsZXRlIjo2MDAwMDAwMDAwMDB9fQ==",
          "dependencies": [
            "module.security.openstack_networking_secgroup_v2.this"
          ]
        }
      ]
    },
    {
      "module": "module.security",
      "mode": "managed",
      "type": "openstack_networking_secgroup_v2",
      "name": "this",
      "provider": "provider[\"registry.terraform.io/terraform-provider-openstack/openstack\"]",
      "instances": [
        {
          "schema_version": 0,
          "attributes": {
            "all_tags": [],
            "delete_default_rules": null,
            "description": "Managed by Terraform",
            "id": "7b6cb315-8c99-4dd4-8933-de9f8d4a4ed9",
            "name": "tf-sec-grp-341",
            "region": "ap-south-mum-1",
            "stateful": true,
            "tags": null,
            "tenant_id": "113f7cd268864dfeb4998f65e555a40a",
            "timeouts": null
          },
          "sensitive_attributes": [],
          "identity_schema_version": 0,
          "private": "eyJlMmJmYjczMC1lY2FhLTExZTYtOGY4OC0zNDM2M2JjN2M0YzAiOnsiZGVsZXRlIjo2MDAwMDAwMDAwMDB9fQ=="
        }
      ]
    }
  ],
  "check_results": null
}
